// !$*UTF8*$!
{
	archiveVersion = 1;
	classes = {
	};
	objectVersion = 46;
	objects = {

/* Begin PBXBuildFile section */
		542E7B6C1E381C9D00229A1A /* HomeViewController.swift in Sources */ = {isa = PBXBuildFile; fileRef = 542E7B6B1E381C9D00229A1A /* HomeViewController.swift */; };
		542E7B6F1E3824FE00229A1A /* SearchViewController.swift in Sources */ = {isa = PBXBuildFile; fileRef = 542E7B6E1E3824FE00229A1A /* SearchViewController.swift */; };
		54C5588E1E36C3DB00484202 /* AppDelegate.swift in Sources */ = {isa = PBXBuildFile; fileRef = 54C5588D1E36C3DB00484202 /* AppDelegate.swift */; };
		54C558931E36C3DB00484202 /* Main.storyboard in Resources */ = {isa = PBXBuildFile; fileRef = 54C558911E36C3DB00484202 /* Main.storyboard */; };
		54C558951E36C3DB00484202 /* Assets.xcassets in Resources */ = {isa = PBXBuildFile; fileRef = 54C558941E36C3DB00484202 /* Assets.xcassets */; };
		54C558981E36C3DB00484202 /* LaunchScreen.storyboard in Resources */ = {isa = PBXBuildFile; fileRef = 54C558961E36C3DB00484202 /* LaunchScreen.storyboard */; };
		54C558A31E36C3DB00484202 /* RoverpassDemoTests.swift in Sources */ = {isa = PBXBuildFile; fileRef = 54C558A21E36C3DB00484202 /* RoverpassDemoTests.swift */; };
		54C558AE1E36C3DB00484202 /* RoverpassDemoUITests.swift in Sources */ = {isa = PBXBuildFile; fileRef = 54C558AD1E36C3DB00484202 /* RoverpassDemoUITests.swift */; };
		54F01E241E3806C200BD2CE5 /* API.swift in Sources */ = {isa = PBXBuildFile; fileRef = 54F01E231E3806C200BD2CE5 /* API.swift */; };
/* End PBXBuildFile section */

/* Begin PBXContainerItemProxy section */
		54C5589F1E36C3DB00484202 /* PBXContainerItemProxy */ = {
			isa = PBXContainerItemProxy;
			containerPortal = 54C558821E36C3DA00484202 /* Project object */;
			proxyType = 1;
			remoteGlobalIDString = 54C558891E36C3DA00484202;
			remoteInfo = RoverpassDemo;
		};
		54C558AA1E36C3DB00484202 /* PBXContainerItemProxy */ = {
			isa = PBXContainerItemProxy;
			containerPortal = 54C558821E36C3DA00484202 /* Project object */;
			proxyType = 1;
			remoteGlobalIDString = 54C558891E36C3DA00484202;
			remoteInfo = RoverpassDemo;
		};
/* End PBXContainerItemProxy section */

/* Begin PBXFileReference section */
		542E7B6B1E381C9D00229A1A /* HomeViewController.swift */ = {isa = PBXFileReference; fileEncoding = 4; lastKnownFileType = sourcecode.swift; path = HomeViewController.swift; sourceTree = "<group>"; };
		542E7B6E1E3824FE00229A1A /* SearchViewController.swift */ = {isa = PBXFileReference; fileEncoding = 4; lastKnownFileType = sourcecode.swift; path = SearchViewController.swift; sourceTree = "<group>"; };
		54C5588A1E36C3DB00484202 /* RoverpassDemo.app */ = {isa = PBXFileReference; explicitFileType = wrapper.application; includeInIndex = 0; path = RoverpassDemo.app; sourceTree = BUILT_PRODUCTS_DIR; };
		54C5588D1E36C3DB00484202 /* AppDelegate.swift */ = {isa = PBXFileReference; lastKnownFileType = sourcecode.swift; path = AppDelegate.swift; sourceTree = "<group>"; };
		54C558921E36C3DB00484202 /* Base */ = {isa = PBXFileReference; lastKnownFileType = file.storyboard; name = Base; path = Base.lproj/Main.storyboard; sourceTree = "<group>"; };
		54C558941E36C3DB00484202 /* Assets.xcassets */ = {isa = PBXFileReference; lastKnownFileType = folder.assetcatalog; path = Assets.xcassets; sourceTree = "<group>"; };
		54C558971E36C3DB00484202 /* Base */ = {isa = PBXFileReference; lastKnownFileType = file.storyboard; name = Base; path = Base.lproj/LaunchScreen.storyboard; sourceTree = "<group>"; };
		54C558991E36C3DB00484202 /* Info.plist */ = {isa = PBXFileReference; lastKnownFileType = text.plist.xml; path = Info.plist; sourceTree = "<group>"; };
		54C5589E1E36C3DB00484202 /* RoverpassDemoTests.xctest */ = {isa = PBXFileReference; explicitFileType = wrapper.cfbundle; includeInIndex = 0; path = RoverpassDemoTests.xctest; sourceTree = BUILT_PRODUCTS_DIR; };
		54C558A21E36C3DB00484202 /* RoverpassDemoTests.swift */ = {isa = PBXFileReference; lastKnownFileType = sourcecode.swift; path = RoverpassDemoTests.swift; sourceTree = "<group>"; };
		54C558A41E36C3DB00484202 /* Info.plist */ = {isa = PBXFileReference; lastKnownFileType = text.plist.xml; path = Info.plist; sourceTree = "<group>"; };
		54C558A91E36C3DB00484202 /* RoverpassDemoUITests.xctest */ = {isa = PBXFileReference; explicitFileType = wrapper.cfbundle; includeInIndex = 0; path = RoverpassDemoUITests.xctest; sourceTree = BUILT_PRODUCTS_DIR; };
		54C558AD1E36C3DB00484202 /* RoverpassDemoUITests.swift */ = {isa = PBXFileReference; lastKnownFileType = sourcecode.swift; path = RoverpassDemoUITests.swift; sourceTree = "<group>"; };
		54C558AF1E36C3DB00484202 /* Info.plist */ = {isa = PBXFileReference; lastKnownFileType = text.plist.xml; path = Info.plist; sourceTree = "<group>"; };
		54F01E231E3806C200BD2CE5 /* API.swift */ = {isa = PBXFileReference; fileEncoding = 4; lastKnownFileType = sourcecode.swift; path = API.swift; sourceTree = "<group>"; };
/* End PBXFileReference section */

/* Begin PBXFrameworksBuildPhase section */
		54C558871E36C3DA00484202 /* Frameworks */ = {
			isa = PBXFrameworksBuildPhase;
			buildActionMask = 2147483647;
			files = (
			);
			runOnlyForDeploymentPostprocessing = 0;
		};
		54C5589B1E36C3DB00484202 /* Frameworks */ = {
			isa = PBXFrameworksBuildPhase;
			buildActionMask = 2147483647;
			files = (
			);
			runOnlyForDeploymentPostprocessing = 0;
		};
		54C558A61E36C3DB00484202 /* Frameworks */ = {
			isa = PBXFrameworksBuildPhase;
			buildActionMask = 2147483647;
			files = (
			);
			runOnlyForDeploymentPostprocessing = 0;
		};
/* End PBXFrameworksBuildPhase section */

/* Begin PBXGroup section */
		542E7B6D1E381CC900229A1A /* ViewControllers */ = {
			isa = PBXGroup;
			children = (
				542E7B6B1E381C9D00229A1A /* HomeViewController.swift */,
				542E7B6E1E3824FE00229A1A /* SearchViewController.swift */,
			);
			name = ViewControllers;
			sourceTree = "<group>";
		};
		54C558811E36C3DA00484202 = {
			isa = PBXGroup;
			children = (
				54C5588C1E36C3DB00484202 /* RoverpassDemo */,
				54C558A11E36C3DB00484202 /* RoverpassDemoTests */,
				54C558AC1E36C3DB00484202 /* RoverpassDemoUITests */,
				54C5588B1E36C3DB00484202 /* Products */,
			);
			sourceTree = "<group>";
		};
		54C5588B1E36C3DB00484202 /* Products */ = {
			isa = PBXGroup;
			children = (
				54C5588A1E36C3DB00484202 /* RoverpassDemo.app */,
				54C5589E1E36C3DB00484202 /* RoverpassDemoTests.xctest */,
				54C558A91E36C3DB00484202 /* RoverpassDemoUITests.xctest */,
			);
			name = Products;
			sourceTree = "<group>";
		};
		54C5588C1E36C3DB00484202 /* RoverpassDemo */ = {
			isa = PBXGroup;
			children = (
				54C5588D1E36C3DB00484202 /* AppDelegate.swift */,
				542E7B6D1E381CC900229A1A /* ViewControllers */,
				54F01E231E3806C200BD2CE5 /* API.swift */,
				54C558911E36C3DB00484202 /* Main.storyboard */,
				54C558941E36C3DB00484202 /* Assets.xcassets */,
				54C558961E36C3DB00484202 /* LaunchScreen.storyboard */,
				54C558991E36C3DB00484202 /* Info.plist */,
			);
			path = RoverpassDemo;
			sourceTree = "<group>";
		};
		54C558A11E36C3DB00484202 /* RoverpassDemoTests */ = {
			isa = PBXGroup;
			children = (
				54C558A21E36C3DB00484202 /* RoverpassDemoTests.swift */,
				54C558A41E36C3DB00484202 /* Info.plist */,
			);
			path = RoverpassDemoTests;
			sourceTree = "<group>";
		};
		54C558AC1E36C3DB00484202 /* RoverpassDemoUITests */ = {
			isa = PBXGroup;
			children = (
				54C558AD1E36C3DB00484202 /* RoverpassDemoUITests.swift */,
				54C558AF1E36C3DB00484202 /* Info.plist */,
			);
			path = RoverpassDemoUITests;
			sourceTree = "<group>";
		};
/* End PBXGroup section */

/* Begin PBXNativeTarget section */
		54C558891E36C3DA00484202 /* RoverpassDemo */ = {
			isa = PBXNativeTarget;
			buildConfigurationList = 54C558B21E36C3DB00484202 /* Build configuration list for PBXNativeTarget "RoverpassDemo" */;
			buildPhases = (
				54C558861E36C3DA00484202 /* Sources */,
				54C558871E36C3DA00484202 /* Frameworks */,
				54C558881E36C3DA00484202 /* Resources */,
			);
			buildRules = (
			);
			dependencies = (
			);
			name = RoverpassDemo;
			productName = RoverpassDemo;
			productReference = 54C5588A1E36C3DB00484202 /* RoverpassDemo.app */;
			productType = "com.apple.product-type.application";
		};
		54C5589D1E36C3DB00484202 /* RoverpassDemoTests */ = {
			isa = PBXNativeTarget;
			buildConfigurationList = 54C558B51E36C3DB00484202 /* Build configuration list for PBXNativeTarget "RoverpassDemoTests" */;
			buildPhases = (
				54C5589A1E36C3DB00484202 /* Sources */,
				54C5589B1E36C3DB00484202 /* Frameworks */,
				54C5589C1E36C3DB00484202 /* Resources */,
			);
			buildRules = (
			);
			dependencies = (
				54C558A01E36C3DB00484202 /* PBXTargetDependency */,
			);
			name = RoverpassDemoTests;
			productName = RoverpassDemoTests;
			productReference = 54C5589E1E36C3DB00484202 /* RoverpassDemoTests.xctest */;
			productType = "com.apple.product-type.bundle.unit-test";
		};
		54C558A81E36C3DB00484202 /* RoverpassDemoUITests */ = {
			isa = PBXNativeTarget;
			buildConfigurationList = 54C558B81E36C3DB00484202 /* Build configuration list for PBXNativeTarget "RoverpassDemoUITests" */;
			buildPhases = (
				54C558A51E36C3DB00484202 /* Sources */,
				54C558A61E36C3DB00484202 /* Frameworks */,
				54C558A71E36C3DB00484202 /* Resources */,
			);
			buildRules = (
			);
			dependencies = (
				54C558AB1E36C3DB00484202 /* PBXTargetDependency */,
			);
			name = RoverpassDemoUITests;
			productName = RoverpassDemoUITests;
			productReference = 54C558A91E36C3DB00484202 /* RoverpassDemoUITests.xctest */;
			productType = "com.apple.product-type.bundle.ui-testing";
		};
/* End PBXNativeTarget section */

/* Begin PBXProject section */
		54C558821E36C3DA00484202 /* Project object */ = {
			isa = PBXProject;
			attributes = {
				LastSwiftUpdateCheck = 0820;
				LastUpgradeCheck = 0820;
				ORGANIZATIONNAME = "Jimmy Pocock";
				TargetAttributes = {
					54C558891E36C3DA00484202 = {
						CreatedOnToolsVersion = 8.2.1;
						ProvisioningStyle = Automatic;
					};
					54C5589D1E36C3DB00484202 = {
						CreatedOnToolsVersion = 8.2.1;
						ProvisioningStyle = Automatic;
						TestTargetID = 54C558891E36C3DA00484202;
					};
					54C558A81E36C3DB00484202 = {
						CreatedOnToolsVersion = 8.2.1;
						ProvisioningStyle = Automatic;
						TestTargetID = 54C558891E36C3DA00484202;
					};
				};
			};
			buildConfigurationList = 54C558851E36C3DA00484202 /* Build configuration list for PBXProject "RoverpassDemo" */;
			compatibilityVersion = "Xcode 3.2";
			developmentRegion = English;
			hasScannedForEncodings = 0;
			knownRegions = (
				en,
				Base,
			);
			mainGroup = 54C558811E36C3DA00484202;
			productRefGroup = 54C5588B1E36C3DB00484202 /* Products */;
			projectDirPath = "";
			projectRoot = "";
			targets = (
				54C558891E36C3DA00484202 /* RoverpassDemo */,
				54C5589D1E36C3DB00484202 /* RoverpassDemoTests */,
				54C558A81E36C3DB00484202 /* RoverpassDemoUITests */,
			);
		};
/* End PBXProject section */

/* Begin PBXResourcesBuildPhase section */
		54C558881E36C3DA00484202 /* Resources */ = {
			isa = PBXResourcesBuildPhase;
			buildActionMask = 2147483647;
			files = (
				54C558981E36C3DB00484202 /* LaunchScreen.storyboard in Resources */,
				54C558951E36C3DB00484202 /* Assets.xcassets in Resources */,
				54C558931E36C3DB00484202 /* Main.storyboard in Resources */,
			);
			runOnlyForDeploymentPostprocessing = 0;
		};
		54C5589C1E36C3DB00484202 /* Resources */ = {
			isa = PBXResourcesBuildPhase;
			buildActionMask = 2147483647;
			files = (
			);
			runOnlyForDeploymentPostprocessing = 0;
		};
		54C558A71E36C3DB00484202 /* Resources */ = {
			isa = PBXResourcesBuildPhase;
			buildActionMask = 2147483647;
			files = (
			);
			runOnlyForDeploymentPostprocessing = 0;
		};
/* End PBXResourcesBuildPhase section */

/* Begin PBXSourcesBuildPhase section */
		54C558861E36C3DA00484202 /* Sources */ = {
			isa = PBXSourcesBuildPhase;
			buildActionMask = 2147483647;
			files = (
				54F01E241E3806C200BD2CE5 /* API.swift in Sources */,
				54C5588E1E36C3DB00484202 /* AppDelegate.swift in Sources */,
				542E7B6F1E3824FE00229A1A /* SearchViewController.swift in Sources */,
				542E7B6C1E381C9D00229A1A /* HomeViewController.swift in Sources */,
			);
			runOnlyForDeploymentPostprocessing = 0;
		};
		54C5589A1E36C3DB00484202 /* Sources */ = {
			isa = PBXSourcesBuildPhase;
			buildActionMask = 2147483647;
			files = (
				54C558A31E36C3DB00484202 /* RoverpassDemoTests.swift in Sources */,
			);
			runOnlyForDeploymentPostprocessing = 0;
		};
		54C558A51E36C3DB00484202 /* Sources */ = {
			isa = PBXSourcesBuildPhase;
			buildActionMask = 2147483647;
			files = (
				54C558AE1E36C3DB00484202 /* RoverpassDemoUITests.swift in Sources */,
			);
			runOnlyForDeploymentPostprocessing = 0;
		};
/* End PBXSourcesBuildPhase section */

/* Begin PBXTargetDependency section */
		54C558A01E36C3DB00484202 /* PBXTargetDependency */ = {
			isa = PBXTargetDependency;
			target = 54C558891E36C3DA00484202 /* RoverpassDemo */;
			targetProxy = 54C5589F1E36C3DB00484202 /* PBXContainerItemProxy */;
		};
		54C558AB1E36C3DB00484202 /* PBXTargetDependency */ = {
			isa = PBXTargetDependency;
			target = 54C558891E36C3DA00484202 /* RoverpassDemo */;
			targetProxy = 54C558AA1E36C3DB00484202 /* PBXContainerItemProxy */;
		};
/* End PBXTargetDependency section */

/* Begin PBXVariantGroup section */
		54C558911E36C3DB00484202 /* Main.storyboard */ = {
			isa = PBXVariantGroup;
			children = (
				54C558921E36C3DB00484202 /* Base */,
			);
			name = Main.storyboard;
			sourceTree = "<group>";
		};
		54C558961E36C3DB00484202 /* LaunchScreen.storyboard */ = {
			isa = PBXVariantGroup;
			children = (
				54C558971E36C3DB00484202 /* Base */,
			);
			name = LaunchScreen.storyboard;
			sourceTree = "<group>";
		};
/* End PBXVariantGroup section */

/* Begin XCBuildConfiguration section */
		54C558B01E36C3DB00484202 /* Development */ = {
			isa = XCBuildConfiguration;
			buildSettings = {
				ALWAYS_SEARCH_USER_PATHS = NO;
				API_URL = "https://dev.roverpass.com/api/";
				CLANG_ANALYZER_NONNULL = YES;
				CLANG_CXX_LANGUAGE_STANDARD = "gnu++0x";
				CLANG_CXX_LIBRARY = "libc++";
				CLANG_ENABLE_MODULES = YES;
				CLANG_ENABLE_OBJC_ARC = YES;
				CLANG_WARN_BOOL_CONVERSION = YES;
				CLANG_WARN_CONSTANT_CONVERSION = YES;
				CLANG_WARN_DIRECT_OBJC_ISA_USAGE = YES_ERROR;
				CLANG_WARN_DOCUMENTATION_COMMENTS = YES;
				CLANG_WARN_EMPTY_BODY = YES;
				CLANG_WARN_ENUM_CONVERSION = YES;
				CLANG_WARN_INFINITE_RECURSION = YES;
				CLANG_WARN_INT_CONVERSION = YES;
				CLANG_WARN_OBJC_ROOT_CLASS = YES_ERROR;
				CLANG_WARN_SUSPICIOUS_MOVE = YES;
				CLANG_WARN_UNREACHABLE_CODE = YES;
				CLANG_WARN__DUPLICATE_METHOD_MATCH = YES;
				"CODE_SIGN_IDENTITY[sdk=iphoneos*]" = "iPhone Developer";
				COPY_PHASE_STRIP = NO;
				DEBUG_INFORMATION_FORMAT = dwarf;
				ENABLE_STRICT_OBJC_MSGSEND = YES;
				ENABLE_TESTABILITY = YES;
				GCC_C_LANGUAGE_STANDARD = gnu99;
				GCC_DYNAMIC_NO_PIC = NO;
				GCC_NO_COMMON_BLOCKS = YES;
				GCC_OPTIMIZATION_LEVEL = 0;
				GCC_PREPROCESSOR_DEFINITIONS = (
					"DEBUG=1",
					"$(inherited)",
				);
				GCC_WARN_64_TO_32_BIT_CONVERSION = YES;
				GCC_WARN_ABOUT_RETURN_TYPE = YES_ERROR;
				GCC_WARN_UNDECLARED_SELECTOR = YES;
				GCC_WARN_UNINITIALIZED_AUTOS = YES_AGGRESSIVE;
				GCC_WARN_UNUSED_FUNCTION = YES;
				GCC_WARN_UNUSED_VARIABLE = YES;
				IPHONEOS_DEPLOYMENT_TARGET = 10.2;
				MTL_ENABLE_DEBUG_INFO = YES;
				ONLY_ACTIVE_ARCH = YES;
				SDKROOT = iphoneos;
				SWIFT_ACTIVE_COMPILATION_CONDITIONS = DEBUG;
				SWIFT_OPTIMIZATION_LEVEL = "-Onone";
				TARGETED_DEVICE_FAMILY = "1,2";
			};
			name = Development;
		};
		54C558B11E36C3DB00484202 /* Production */ = {
			isa = XCBuildConfiguration;
			buildSettings = {
				ALWAYS_SEARCH_USER_PATHS = NO;
				API_URL = "https://www.roverpass.com/api/";
				CLANG_ANALYZER_NONNULL = YES;
				CLANG_CXX_LANGUAGE_STANDARD = "gnu++0x";
				CLANG_CXX_LIBRARY = "libc++";
				CLANG_ENABLE_MODULES = YES;
				CLANG_ENABLE_OBJC_ARC = YES;
				CLANG_WARN_BOOL_CONVERSION = YES;
				CLANG_WARN_CONSTANT_CONVERSION = YES;
				CLANG_WARN_DIRECT_OBJC_ISA_USAGE = YES_ERROR;
				CLANG_WARN_DOCUMENTATION_COMMENTS = YES;
				CLANG_WARN_EMPTY_BODY = YES;
				CLANG_WARN_ENUM_CONVERSION = YES;
				CLANG_WARN_INFINITE_RECURSION = YES;
				CLANG_WARN_INT_CONVERSION = YES;
				CLANG_WARN_OBJC_ROOT_CLASS = YES_ERROR;
				CLANG_WARN_SUSPICIOUS_MOVE = YES;
				CLANG_WARN_UNREACHABLE_CODE = YES;
				CLANG_WARN__DUPLICATE_METHOD_MATCH = YES;
				"CODE_SIGN_IDENTITY[sdk=iphoneos*]" = "iPhone Developer";
				COPY_PHASE_STRIP = NO;
				DEBUG_INFORMATION_FORMAT = "dwarf-with-dsym";
				ENABLE_NS_ASSERTIONS = NO;
				ENABLE_STRICT_OBJC_MSGSEND = YES;
				GCC_C_LANGUAGE_STANDARD = gnu99;
				GCC_NO_COMMON_BLOCKS = YES;
				GCC_WARN_64_TO_32_BIT_CONVERSION = YES;
				GCC_WARN_ABOUT_RETURN_TYPE = YES_ERROR;
				GCC_WARN_UNDECLARED_SELECTOR = YES;
				GCC_WARN_UNINITIALIZED_AUTOS = YES_AGGRESSIVE;
				GCC_WARN_UNUSED_FUNCTION = YES;
				GCC_WARN_UNUSED_VARIABLE = YES;
				IPHONEOS_DEPLOYMENT_TARGET = 10.2;
				MTL_ENABLE_DEBUG_INFO = NO;
				SDKROOT = iphoneos;
				SWIFT_OPTIMIZATION_LEVEL = "-Owholemodule";
				TARGETED_DEVICE_FAMILY = "1,2";
				VALIDATE_PRODUCT = YES;
			};
			name = Production;
		};
		54C558B31E36C3DB00484202 /* Development */ = {
			isa = XCBuildConfiguration;
			buildSettings = {
				ASSETCATALOG_COMPILER_APPICON_NAME = AppIcon;
				INFOPLIST_FILE = RoverpassDemo/Info.plist;
				LD_RUNPATH_SEARCH_PATHS = "$(inherited) @executable_path/Frameworks";
				PRODUCT_BUNDLE_IDENTIFIER = com.jimmypocock.RoverpassDemo;
				PRODUCT_NAME = "$(TARGET_NAME)";
				SWIFT_VERSION = 3.0;
			};
			name = Development;
		};
		54C558B41E36C3DB00484202 /* Production */ = {
			isa = XCBuildConfiguration;
			buildSettings = {
				ASSETCATALOG_COMPILER_APPICON_NAME = AppIcon;
				INFOPLIST_FILE = RoverpassDemo/Info.plist;
				LD_RUNPATH_SEARCH_PATHS = "$(inherited) @executable_path/Frameworks";
				PRODUCT_BUNDLE_IDENTIFIER = com.jimmypocock.RoverpassDemo;
				PRODUCT_NAME = "$(TARGET_NAME)";
				SWIFT_VERSION = 3.0;
			};
			name = Production;
		};
		54C558B61E36C3DB00484202 /* Development */ = {
			isa = XCBuildConfiguration;
			buildSettings = {
				ALWAYS_EMBED_SWIFT_STANDARD_LIBRARIES = YES;
				BUNDLE_LOADER = "$(TEST_HOST)";
				INFOPLIST_FILE = RoverpassDemoTests/Info.plist;
				LD_RUNPATH_SEARCH_PATHS = "$(inherited) @executable_path/Frameworks @loader_path/Frameworks";
				PRODUCT_BUNDLE_IDENTIFIER = com.jimmypocock.RoverpassDemoTests;
				PRODUCT_NAME = "$(TARGET_NAME)";
				SWIFT_VERSION = 3.0;
				TEST_HOST = "$(BUILT_PRODUCTS_DIR)/RoverpassDemo.app/RoverpassDemo";
			};
			name = Development;
		};
		54C558B71E36C3DB00484202 /* Production */ = {
			isa = XCBuildConfiguration;
			buildSettings = {
				ALWAYS_EMBED_SWIFT_STANDARD_LIBRARIES = YES;
				BUNDLE_LOADER = "$(TEST_HOST)";
				INFOPLIST_FILE = RoverpassDemoTests/Info.plist;
				LD_RUNPATH_SEARCH_PATHS = "$(inherited) @executable_path/Frameworks @loader_path/Frameworks";
				PRODUCT_BUNDLE_IDENTIFIER = com.jimmypocock.RoverpassDemoTests;
				PRODUCT_NAME = "$(TARGET_NAME)";
				SWIFT_VERSION = 3.0;
				TEST_HOST = "$(BUILT_PRODUCTS_DIR)/RoverpassDemo.app/RoverpassDemo";
			};
			name = Production;
		};
		54C558B91E36C3DB00484202 /* Development */ = {
			isa = XCBuildConfiguration;
			buildSettings = {
				ALWAYS_EMBED_SWIFT_STANDARD_LIBRARIES = YES;
				INFOPLIST_FILE = RoverpassDemoUITests/Info.plist;
				LD_RUNPATH_SEARCH_PATHS = "$(inherited) @executable_path/Frameworks @loader_path/Frameworks";
				PRODUCT_BUNDLE_IDENTIFIER = com.jimmypocock.RoverpassDemoUITests;
				PRODUCT_NAME = "$(TARGET_NAME)";
				SWIFT_VERSION = 3.0;
				TEST_TARGET_NAME = RoverpassDemo;
			};
			name = Development;
		};
		54C558BA1E36C3DB00484202 /* Production */ = {
			isa = XCBuildConfiguration;
			buildSettings = {
				ALWAYS_EMBED_SWIFT_STANDARD_LIBRARIES = YES;
				INFOPLIST_FILE = RoverpassDemoUITests/Info.plist;
				LD_RUNPATH_SEARCH_PATHS = "$(inherited) @executable_path/Frameworks @loader_path/Frameworks";
				PRODUCT_BUNDLE_IDENTIFIER = com.jimmypocock.RoverpassDemoUITests;
				PRODUCT_NAME = "$(TARGET_NAME)";
				SWIFT_VERSION = 3.0;
				TEST_TARGET_NAME = RoverpassDemo;
			};
			name = Production;
		};
/* End XCBuildConfiguration section */

/* Begin XCConfigurationList section */
		54C558851E36C3DA00484202 /* Build configuration list for PBXProject "RoverpassDemo" */ = {
			isa = XCConfigurationList;
			buildConfigurations = (
				54C558B01E36C3DB00484202 /* Development */,
				54C558B11E36C3DB00484202 /* Production */,
			);
			defaultConfigurationIsVisible = 0;
			defaultConfigurationName = Production;
		};
		54C558B21E36C3DB00484202 /* Build configuration list for PBXNativeTarget "RoverpassDemo" */ = {
			isa = XCConfigurationList;
			buildConfigurations = (
				54C558B31E36C3DB00484202 /* Development */,
				54C558B41E36C3DB00484202 /* Production */,
			);
			defaultConfigurationIsVisible = 0;
			defaultConfigurationName = Production;
		};
		54C558B51E36C3DB00484202 /* Build configuration list for PBXNativeTarget "RoverpassDemoTests" */ = {
			isa = XCConfigurationList;
			buildConfigurations = (
				54C558B61E36C3DB00484202 /* Development */,
				54C558B71E36C3DB00484202 /* Production */,
			);
			defaultConfigurationIsVisible = 0;
			defaultConfigurationName = Production;
		};
		54C558B81E36C3DB00484202 /* Build configuration list for PBXNativeTarget "RoverpassDemoUITests" */ = {
			isa = XCConfigurationList;
			buildConfigurations = (
				54C558B91E36C3DB00484202 /* Development */,
				54C558BA1E36C3DB00484202 /* Production */,
			);
			defaultConfigurationIsVisible = 0;
			defaultConfigurationName = Production;
		};
/* End XCConfigurationList section */
	};
	rootObject = 54C558821E36C3DA00484202 /* Project object */;
}
